
Microsoft Visual Studio Solution File, Format Version 12.00
# Visual Studio Version 17
VisualStudioVersion = 17.12.35323.107
MinimumVisualStudioVersion = 10.0.40219.1
Project("{FAE04EC0-301F-11D3-BF4B-00C04F79EFBC}") = "CreateConnectSQLiteDatabase", "CreateConnectSQLiteDatabase.csproj", "{C6F9CD75-82F2-4C42-9C6D-4B996119A01F}"
EndProject
Global
	GlobalSection(SolutionConfigurationPlatforms) = preSolution
		Debug|Any CPU = Debug|Any CPU
		Debug|arm64 = Debug|arm64
		Debug|x86 = Debug|x86
		Release|Any CPU = Release|Any CPU
		Release|arm64 = Release|arm64
		Release|x86 = Release|x86
	EndGlobalSection
	GlobalSection(ProjectConfigurationPlatforms) = postSolution
		{C6F9CD75-82F2-4C42-9C6D-4B996119A01F}.Debug|Any CPU.ActiveCfg = Debug|Any CPU
		{C6F9CD75-82F2-4C42-9C6D-4B996119A01F}.Debug|Any CPU.Build.0 = Debug|Any CPU
		{C6F9CD75-82F2-4C42-9C6D-4B996119A01F}.Debug|arm64.ActiveCfg = Debug|Any CPU
		{C6F9CD75-82F2-4C42-9C6D-4B996119A01F}.Debug|arm64.Build.0 = Debug|Any CPU
		{C6F9CD75-82F2-4C42-9C6D-4B996119A01F}.Debug|x86.ActiveCfg = Debug|Any CPU
		{C6F9CD75-82F2-4C42-9C6D-4B996119A01F}.Debug|x86.Build.0 = Debug|Any CPU
		{C6F9CD75-82F2-4C42-9C6D-4B996119A01F}.Release|Any CPU.ActiveCfg = Release|Any CPU
		{C6F9CD75-82F2-4C42-9C6D-4B996119A01F}.Release|Any CPU.Build.0 = Release|Any CPU
		{C6F9CD75-82F2-4C42-9C6D-4B996119A01F}.Release|arm64.ActiveCfg = Release|Any CPU
		{C6F9CD75-82F2-4C42-9C6D-4B996119A01F}.Release|arm64.Build.0 = Release|Any CPU
		{C6F9CD75-82F2-4C42-9C6D-4B996119A01F}.Release|x86.ActiveCfg = Release|Any CPU
		{C6F9CD75-82F2-4C42-9C6D-4B996119A01F}.Release|x86.Build.0 = Release|Any CPU
	EndGlobalSection
	GlobalSection(SolutionProperties) = preSolution
		HideSolutionNode = FALSE
	EndGlobalSection
	GlobalSection(ExtensibilityGlobals) = postSolution
		SolutionGuid = {639B3747-B45D-4DE4-854E-E7BCB9001380}
	EndGlobalSection
EndGlobal
